// !$*UTF8*$!
{
	archiveVersion = 1;
	classes = {
	};
	objectVersion = 46;
	objects = {

/* Begin PBXBuildFile section */
		F505E7ED1AAEADF900DAF80B /* main.m in Sources */ = {isa = PBXBuildFile; fileRef = F505E7EC1AAEADF900DAF80B /* main.m */; };
		F505E7F01AAEADF900DAF80B /* AppDelegate.m in Sources */ = {isa = PBXBuildFile; fileRef = F505E7EF1AAEADF900DAF80B /* AppDelegate.m */; };
		F505E7F61AAEADF900DAF80B /* Main.storyboard in Resources */ = {isa = PBXBuildFile; fileRef = F505E7F41AAEADF900DAF80B /* Main.storyboard */; };
		F505E7F81AAEADF900DAF80B /* Images.xcassets in Resources */ = {isa = PBXBuildFile; fileRef = F505E7F71AAEADF900DAF80B /* Images.xcassets */; };
		F505E7FB1AAEADF900DAF80B /* LaunchScreen.xib in Resources */ = {isa = PBXBuildFile; fileRef = F505E7F91AAEADF900DAF80B /* LaunchScreen.xib */; };
		F505E8071AAEADF900DAF80B /* AviatoTests.m in Sources */ = {isa = PBXBuildFile; fileRef = F505E8061AAEADF900DAF80B /* AviatoTests.m */; };
		F505E81E1AAF2CB200DAF80B /* Categories.m in Sources */ = {isa = PBXBuildFile; fileRef = F505E81D1AAF2CB200DAF80B /* Categories.m */; };
		F505E8231AAF336E00DAF80B /* MapKit.framework in Frameworks */ = {isa = PBXBuildFile; fileRef = F505E8221AAF336E00DAF80B /* MapKit.framework */; };
		F50FB4E81AB35CDF00C98297 /* Login.m in Sources */ = {isa = PBXBuildFile; fileRef = F50FB4E71AB35CDF00C98297 /* Login.m */; };
		F51BEE601AD3790300DCAD40 /* test.jpg in Resources */ = {isa = PBXBuildFile; fileRef = F51BEE5F1AD3790300DCAD40 /* test.jpg */; };
		F51BEE621AD379D800DCAD40 /* 123.jpg in Resources */ = {isa = PBXBuildFile; fileRef = F51BEE611AD379D800DCAD40 /* 123.jpg */; };
		F51BEE641AD37BC900DCAD40 /* red.png in Resources */ = {isa = PBXBuildFile; fileRef = F51BEE631AD37BC900DCAD40 /* red.png */; };
		F5513B401AD2D7DC0019E463 /* AddReplyViewController.m in Sources */ = {isa = PBXBuildFile; fileRef = F5513B3F1AD2D7DC0019E463 /* AddReplyViewController.m */; };
		F56621491AD573DB00AE2D4C /* RegisterViewController.m in Sources */ = {isa = PBXBuildFile; fileRef = F56621481AD573DB00AE2D4C /* RegisterViewController.m */; };
		F57FB95E1AB4C3CE0055A170 /* User.m in Sources */ = {isa = PBXBuildFile; fileRef = F57FB95D1AB4C3CE0055A170 /* User.m */; };
		F57FB9601AB4DA240055A170 /* Security.framework in Frameworks */ = {isa = PBXBuildFile; fileRef = F57FB95F1AB4DA230055A170 /* Security.framework */; };
		F57FB98C1AB4FF560055A170 /* RepoViewController.m in Sources */ = {isa = PBXBuildFile; fileRef = F57FB98B1AB4FF560055A170 /* RepoViewController.m */; };
		F57FB98F1AB50CBE0055A170 /* Posts.m in Sources */ = {isa = PBXBuildFile; fileRef = F57FB98E1AB50CBE0055A170 /* Posts.m */; };
		F58C8EB71AD458C300270D06 /* AddCommentViewController.m in Sources */ = {isa = PBXBuildFile; fileRef = F58C8EB61AD458C300270D06 /* AddCommentViewController.m */; };
		F59DEA641AC9F4B400938BEC /* redBG.jpg in Resources */ = {isa = PBXBuildFile; fileRef = F59DEA631AC9F4B300938BEC /* redBG.jpg */; };
		F5A289581AB07EFE00D79A26 /* CatViewController.m in Sources */ = {isa = PBXBuildFile; fileRef = F5A289571AB07EFE00D79A26 /* CatViewController.m */; };
		F5A2895B1AB0A51200D79A26 /* TopicViewController.m in Sources */ = {isa = PBXBuildFile; fileRef = F5A2895A1AB0A51200D79A26 /* TopicViewController.m */; };
		F5A42EAC1AB27309008E71AF /* CoreLocation.framework in Frameworks */ = {isa = PBXBuildFile; fileRef = F5A42EAB1AB27309008E71AF /* CoreLocation.framework */; };
		F5A42EAE1AB27814008E71AF /* Topic.m in Sources */ = {isa = PBXBuildFile; fileRef = F5A42EAD1AB27814008E71AF /* Topic.m */; };
		F5D6DE441AE1A63E00F538CA /* PaymentViewController.m in Sources */ = {isa = PBXBuildFile; fileRef = F5D6DE431AE1A63E00F538CA /* PaymentViewController.m */; };
		F5E198281AAF96010075788E /* LoginViewController.m in Sources */ = {isa = PBXBuildFile; fileRef = F5E198271AAF96010075788E /* LoginViewController.m */; };
		F5E198501AAFC7A30075788E /* AddPostViewController2.m in Sources */ = {isa = PBXBuildFile; fileRef = F5E1984F1AAFC7A30075788E /* AddPostViewController2.m */; };
/* End PBXBuildFile section */

/* Begin PBXBuildRule section */
		F52D6C021AD3152D00FFD0F9 /* PBXBuildRule */ = {
			isa = PBXBuildRule;
			compilerSpec = com.apple.compilers.proxy.script;
			fileType = pattern.proxy;
			isEditable = 1;
			outputFiles = (
			);
		};
		F52D6C031AD3153000FFD0F9 /* PBXBuildRule */ = {
			isa = PBXBuildRule;
			compilerSpec = com.apple.compilers.proxy.script;
			fileType = pattern.proxy;
			isEditable = 1;
			outputFiles = (
			);
		};
/* End PBXBuildRule section */

/* Begin PBXContainerItemProxy section */
		F505E8011AAEADF900DAF80B /* PBXContainerItemProxy */ = {
			isa = PBXContainerItemProxy;
			containerPortal = F505E7DF1AAEADF900DAF80B /* Project object */;
			proxyType = 1;
			remoteGlobalIDString = F505E7E61AAEADF900DAF80B;
			remoteInfo = Aviato;
		};
/* End PBXContainerItemProxy section */

/* Begin PBXFileReference section */
		F505E7E71AAEADF900DAF80B /* Aviato.app */ = {isa = PBXFileReference; explicitFileType = wrapper.application; includeInIndex = 0; path = Aviato.app; sourceTree = BUILT_PRODUCTS_DIR; };
		F505E7EB1AAEADF900DAF80B /* Info.plist */ = {isa = PBXFileReference; lastKnownFileType = text.plist.xml; path = Info.plist; sourceTree = "<group>"; };
		F505E7EC1AAEADF900DAF80B /* main.m */ = {isa = PBXFileReference; lastKnownFileType = sourcecode.c.objc; path = main.m; sourceTree = "<group>"; };
		F505E7EE1AAEADF900DAF80B /* AppDelegate.h */ = {isa = PBXFileReference; lastKnownFileType = sourcecode.c.h; path = AppDelegate.h; sourceTree = "<group>"; };
		F505E7EF1AAEADF900DAF80B /* AppDelegate.m */ = {isa = PBXFileReference; lastKnownFileType = sourcecode.c.objc; path = AppDelegate.m; sourceTree = "<group>"; };
		F505E7F51AAEADF900DAF80B /* Base */ = {isa = PBXFileReference; lastKnownFileType = file.storyboard; name = Base; path = Base.lproj/Main.storyboard; sourceTree = "<group>"; };
		F505E7F71AAEADF900DAF80B /* Images.xcassets */ = {isa = PBXFileReference; lastKnownFileType = folder.assetcatalog; path = Images.xcassets; sourceTree = "<group>"; };
		F505E7FA1AAEADF900DAF80B /* Base */ = {isa = PBXFileReference; lastKnownFileType = file.xib; name = Base; path = Base.lproj/LaunchScreen.xib; sourceTree = "<group>"; };
		F505E8001AAEADF900DAF80B /* AviatoTests.xctest */ = {isa = PBXFileReference; explicitFileType = wrapper.cfbundle; includeInIndex = 0; path = AviatoTests.xctest; sourceTree = BUILT_PRODUCTS_DIR; };
		F505E8051AAEADF900DAF80B /* Info.plist */ = {isa = PBXFileReference; lastKnownFileType = text.plist.xml; path = Info.plist; sourceTree = "<group>"; };
		F505E8061AAEADF900DAF80B /* AviatoTests.m */ = {isa = PBXFileReference; lastKnownFileType = sourcecode.c.objc; path = AviatoTests.m; sourceTree = "<group>"; };
		F505E81C1AAF2CB200DAF80B /* Categories.h */ = {isa = PBXFileReference; fileEncoding = 4; lastKnownFileType = sourcecode.c.h; path = Categories.h; sourceTree = "<group>"; };
		F505E81D1AAF2CB200DAF80B /* Categories.m */ = {isa = PBXFileReference; fileEncoding = 4; lastKnownFileType = sourcecode.c.objc; path = Categories.m; sourceTree = "<group>"; };
		F505E8221AAF336E00DAF80B /* MapKit.framework */ = {isa = PBXFileReference; lastKnownFileType = wrapper.framework; name = MapKit.framework; path = System/Library/Frameworks/MapKit.framework; sourceTree = SDKROOT; };
		F50FB4E61AB35CA100C98297 /* Login.h */ = {isa = PBXFileReference; lastKnownFileType = sourcecode.c.h; path = Login.h; sourceTree = "<group>"; };
		F50FB4E71AB35CDF00C98297 /* Login.m */ = {isa = PBXFileReference; fileEncoding = 4; lastKnownFileType = sourcecode.c.objc; path = Login.m; sourceTree = "<group>"; };
		F51BEE5F1AD3790300DCAD40 /* test.jpg */ = {isa = PBXFileReference; lastKnownFileType = image.jpeg; path = test.jpg; sourceTree = "<group>"; };
		F51BEE611AD379D800DCAD40 /* 123.jpg */ = {isa = PBXFileReference; lastKnownFileType = image.jpeg; path = 123.jpg; sourceTree = "<group>"; };
		F51BEE631AD37BC900DCAD40 /* red.png */ = {isa = PBXFileReference; lastKnownFileType = image.png; path = red.png; sourceTree = "<group>"; };
		F5513B3E1AD2D74A0019E463 /* AddReplyViewController.h */ = {isa = PBXFileReference; fileEncoding = 4; lastKnownFileType = sourcecode.c.h; path = AddReplyViewController.h; sourceTree = "<group>"; };
		F5513B3F1AD2D7DC0019E463 /* AddReplyViewController.m */ = {isa = PBXFileReference; fileEncoding = 4; lastKnownFileType = sourcecode.c.objc; path = AddReplyViewController.m; sourceTree = "<group>"; };
		F56621481AD573DB00AE2D4C /* RegisterViewController.m */ = {isa = PBXFileReference; fileEncoding = 4; lastKnownFileType = sourcecode.c.objc; path = RegisterViewController.m; sourceTree = "<group>"; };
		F566214A1AD5742A00AE2D4C /* RegisterViewController.h */ = {isa = PBXFileReference; fileEncoding = 4; lastKnownFileType = sourcecode.c.h; path = RegisterViewController.h; sourceTree = "<group>"; };
		F57FB95C1AB4C2660055A170 /* User.h */ = {isa = PBXFileReference; lastKnownFileType = sourcecode.c.h; path = User.h; sourceTree = "<group>"; };
		F57FB95D1AB4C3CE0055A170 /* User.m */ = {isa = PBXFileReference; fileEncoding = 4; lastKnownFileType = sourcecode.c.objc; path = User.m; sourceTree = "<group>"; };
		F57FB95F1AB4DA230055A170 /* Security.framework */ = {isa = PBXFileReference; lastKnownFileType = wrapper.framework; name = Security.framework; path = System/Library/Frameworks/Security.framework; sourceTree = SDKROOT; };
		F57FB98A1AB4FF560055A170 /* RepoViewController.h */ = {isa = PBXFileReference; fileEncoding = 4; lastKnownFileType = sourcecode.c.h; path = RepoViewController.h; sourceTree = "<group>"; };
		F57FB98B1AB4FF560055A170 /* RepoViewController.m */ = {isa = PBXFileReference; fileEncoding = 4; lastKnownFileType = sourcecode.c.objc; path = RepoViewController.m; sourceTree = "<group>"; };
		F57FB98D1AB50CBE0055A170 /* Posts.h */ = {isa = PBXFileReference; fileEncoding = 4; lastKnownFileType = sourcecode.c.h; path = Posts.h; sourceTree = "<group>"; };
		F57FB98E1AB50CBE0055A170 /* Posts.m */ = {isa = PBXFileReference; fileEncoding = 4; lastKnownFileType = sourcecode.c.objc; path = Posts.m; sourceTree = "<group>"; };
		F58C8EB41AD456EF00270D06 /* AddCommentViewController.h */ = {isa = PBXFileReference; fileEncoding = 4; lastKnownFileType = sourcecode.c.h; name = AddCommentViewController.h; path = ../AddCommentViewController.h; sourceTree = "<group>"; };
		F58C8EB61AD458C300270D06 /* AddCommentViewController.m */ = {isa = PBXFileReference; fileEncoding = 4; lastKnownFileType = sourcecode.c.objc; path = AddCommentViewController.m; sourceTree = "<group>"; };
		F59DEA631AC9F4B300938BEC /* redBG.jpg */ = {isa = PBXFileReference; lastKnownFileType = image.jpeg; name = redBG.jpg; path = ../redBG.jpg; sourceTree = "<group>"; };
		F5A289561AB07EFE00D79A26 /* CatViewController.h */ = {isa = PBXFileReference; fileEncoding = 4; lastKnownFileType = sourcecode.c.h; path = CatViewController.h; sourceTree = "<group>"; };
		F5A289571AB07EFE00D79A26 /* CatViewController.m */ = {isa = PBXFileReference; fileEncoding = 4; lastKnownFileType = sourcecode.c.objc; path = CatViewController.m; sourceTree = "<group>"; };
		F5A289591AB0A51200D79A26 /* TopicViewController.h */ = {isa = PBXFileReference; fileEncoding = 4; lastKnownFileType = sourcecode.c.h; path = TopicViewController.h; sourceTree = "<group>"; };
		F5A2895A1AB0A51200D79A26 /* TopicViewController.m */ = {isa = PBXFileReference; fileEncoding = 4; lastKnownFileType = sourcecode.c.objc; path = TopicViewController.m; sourceTree = "<group>"; };
		F5A42EAB1AB27309008E71AF /* CoreLocation.framework */ = {isa = PBXFileReference; lastKnownFileType = wrapper.framework; name = CoreLocation.framework; path = System/Library/Frameworks/CoreLocation.framework; sourceTree = SDKROOT; };
		F5A42EAD1AB27814008E71AF /* Topic.m */ = {isa = PBXFileReference; fileEncoding = 4; lastKnownFileType = sourcecode.c.objc; path = Topic.m; sourceTree = "<group>"; };
		F5A42EB01AB2786D008E71AF /* Topic.h */ = {isa = PBXFileReference; lastKnownFileType = sourcecode.c.h; path = Topic.h; sourceTree = "<group>"; };
		F5D6DE431AE1A63E00F538CA /* PaymentViewController.m */ = {isa = PBXFileReference; fileEncoding = 4; lastKnownFileType = sourcecode.c.objc; path = PaymentViewController.m; sourceTree = "<group>"; };
		F5D6DE451AE1A65500F538CA /* PaymentViewController.h */ = {isa = PBXFileReference; fileEncoding = 4; lastKnownFileType = sourcecode.c.h; path = PaymentViewController.h; sourceTree = "<group>"; };
		F5E198261AAF96010075788E /* LoginViewController.h */ = {isa = PBXFileReference; fileEncoding = 4; lastKnownFileType = sourcecode.c.h; path = LoginViewController.h; sourceTree = "<group>"; };
		F5E198271AAF96010075788E /* LoginViewController.m */ = {isa = PBXFileReference; fileEncoding = 4; lastKnownFileType = sourcecode.c.objc; path = LoginViewController.m; sourceTree = "<group>"; };
		F5E1984E1AAFC7A30075788E /* AddPostViewController2.h */ = {isa = PBXFileReference; fileEncoding = 4; lastKnownFileType = sourcecode.c.h; path = AddPostViewController2.h; sourceTree = "<group>"; };
		F5E1984F1AAFC7A30075788E /* AddPostViewController2.m */ = {isa = PBXFileReference; fileEncoding = 4; lastKnownFileType = sourcecode.c.objc; path = AddPostViewController2.m; sourceTree = "<group>"; };
/* End PBXFileReference section */

/* Begin PBXFrameworksBuildPhase section */
		F505E7E41AAEADF900DAF80B /* Frameworks */ = {
			isa = PBXFrameworksBuildPhase;
			buildActionMask = 2147483647;
			files = (
				F57FB9601AB4DA240055A170 /* Security.framework in Frameworks */,
				F5A42EAC1AB27309008E71AF /* CoreLocation.framework in Frameworks */,
				F505E8231AAF336E00DAF80B /* MapKit.framework in Frameworks */,
			);
			runOnlyForDeploymentPostprocessing = 0;
		};
		F505E7FD1AAEADF900DAF80B /* Frameworks */ = {
			isa = PBXFrameworksBuildPhase;
			buildActionMask = 2147483647;
			files = (
			);
			runOnlyForDeploymentPostprocessing = 0;
		};
/* End PBXFrameworksBuildPhase section */

/* Begin PBXGroup section */
		F505E7DE1AAEADF900DAF80B = {
			isa = PBXGroup;
			children = (
				F59DEA631AC9F4B300938BEC /* redBG.jpg */,
				F51BEE5F1AD3790300DCAD40 /* test.jpg */,
				F51BEE631AD37BC900DCAD40 /* red.png */,
				F51BEE611AD379D800DCAD40 /* 123.jpg */,
				F57FB95F1AB4DA230055A170 /* Security.framework */,
				F5A42EAB1AB27309008E71AF /* CoreLocation.framework */,
				F505E8221AAF336E00DAF80B /* MapKit.framework */,
				F505E7E91AAEADF900DAF80B /* Aviato */,
				F505E8031AAEADF900DAF80B /* AviatoTests */,
				F505E7E81AAEADF900DAF80B /* Products */,
			);
			sourceTree = "<group>";
		};
		F505E7E81AAEADF900DAF80B /* Products */ = {
			isa = PBXGroup;
			children = (
				F505E7E71AAEADF900DAF80B /* Aviato.app */,
				F505E8001AAEADF900DAF80B /* AviatoTests.xctest */,
			);
			name = Products;
			sourceTree = "<group>";
		};
		F505E7E91AAEADF900DAF80B /* Aviato */ = {
			isa = PBXGroup;
			children = (
				F57FB95C1AB4C2660055A170 /* User.h */,
				F57FB95D1AB4C3CE0055A170 /* User.m */,
				F5E198261AAF96010075788E /* LoginViewController.h */,
				F5E198271AAF96010075788E /* LoginViewController.m */,
				F50FB4E61AB35CA100C98297 /* Login.h */,
				F50FB4E71AB35CDF00C98297 /* Login.m */,
				F566214A1AD5742A00AE2D4C /* RegisterViewController.h */,
				F56621481AD573DB00AE2D4C /* RegisterViewController.m */,
				F5A289561AB07EFE00D79A26 /* CatViewController.h */,
				F5A289571AB07EFE00D79A26 /* CatViewController.m */,
				F505E81C1AAF2CB200DAF80B /* Categories.h */,
				F505E81D1AAF2CB200DAF80B /* Categories.m */,
				F5E1984E1AAFC7A30075788E /* AddPostViewController2.h */,
				F5E1984F1AAFC7A30075788E /* AddPostViewController2.m */,
				F57FB98A1AB4FF560055A170 /* RepoViewController.h */,
				F57FB98B1AB4FF560055A170 /* RepoViewController.m */,
				F5513B3E1AD2D74A0019E463 /* AddReplyViewController.h */,
				F5513B3F1AD2D7DC0019E463 /* AddReplyViewController.m */,
				F5A42EB01AB2786D008E71AF /* Topic.h */,
				F5A42EAD1AB27814008E71AF /* Topic.m */,
				F5A289591AB0A51200D79A26 /* TopicViewController.h */,
				F5A2895A1AB0A51200D79A26 /* TopicViewController.m */,
				F57FB98D1AB50CBE0055A170 /* Posts.h */,
				F57FB98E1AB50CBE0055A170 /* Posts.m */,
				F58C8EB41AD456EF00270D06 /* AddCommentViewController.h */,
				F58C8EB61AD458C300270D06 /* AddCommentViewController.m */,
				F5D6DE451AE1A65500F538CA /* PaymentViewController.h */,
				F5D6DE431AE1A63E00F538CA /* PaymentViewController.m */,
				F505E7EE1AAEADF900DAF80B /* AppDelegate.h */,
				F505E7EF1AAEADF900DAF80B /* AppDelegate.m */,
				F505E7F41AAEADF900DAF80B /* Main.storyboard */,
				F505E7F71AAEADF900DAF80B /* Images.xcassets */,
				F505E7F91AAEADF900DAF80B /* LaunchScreen.xib */,
				F505E7EA1AAEADF900DAF80B /* Supporting Files */,
			);
			path = Aviato;
			sourceTree = "<group>";
		};
		F505E7EA1AAEADF900DAF80B /* Supporting Files */ = {
			isa = PBXGroup;
			children = (
				F505E7EB1AAEADF900DAF80B /* Info.plist */,
				F505E7EC1AAEADF900DAF80B /* main.m */,
			);
			name = "Supporting Files";
			sourceTree = "<group>";
		};
		F505E8031AAEADF900DAF80B /* AviatoTests */ = {
			isa = PBXGroup;
			children = (
				F505E8061AAEADF900DAF80B /* AviatoTests.m */,
				F505E8041AAEADF900DAF80B /* Supporting Files */,
			);
			path = AviatoTests;
			sourceTree = "<group>";
		};
		F505E8041AAEADF900DAF80B /* Supporting Files */ = {
			isa = PBXGroup;
			children = (
				F505E8051AAEADF900DAF80B /* Info.plist */,
			);
			name = "Supporting Files";
			sourceTree = "<group>";
		};
/* End PBXGroup section */

/* Begin PBXNativeTarget section */
		F505E7E61AAEADF900DAF80B /* Aviato */ = {
			isa = PBXNativeTarget;
			buildConfigurationList = F505E80A1AAEADF900DAF80B /* Build configuration list for PBXNativeTarget "Aviato" */;
			buildPhases = (
				F505E7E31AAEADF900DAF80B /* Sources */,
				F505E7E41AAEADF900DAF80B /* Frameworks */,
				F505E7E51AAEADF900DAF80B /* Resources */,
			);
			buildRules = (
				F52D6C031AD3153000FFD0F9 /* PBXBuildRule */,
				F52D6C021AD3152D00FFD0F9 /* PBXBuildRule */,
			);
			dependencies = (
			);
			name = Aviato;
			productName = Aviato;
			productReference = F505E7E71AAEADF900DAF80B /* Aviato.app */;
			productType = "com.apple.product-type.application";
		};
		F505E7FF1AAEADF900DAF80B /* AviatoTests */ = {
			isa = PBXNativeTarget;
			buildConfigurationList = F505E80D1AAEADF900DAF80B /* Build configuration list for PBXNativeTarget "AviatoTests" */;
			buildPhases = (
				F505E7FC1AAEADF900DAF80B /* Sources */,
				F505E7FD1AAEADF900DAF80B /* Frameworks */,
				F505E7FE1AAEADF900DAF80B /* Resources */,
			);
			buildRules = (
			);
			dependencies = (
				F505E8021AAEADF900DAF80B /* PBXTargetDependency */,
			);
			name = AviatoTests;
			productName = AviatoTests;
			productReference = F505E8001AAEADF900DAF80B /* AviatoTests.xctest */;
			productType = "com.apple.product-type.bundle.unit-test";
		};
/* End PBXNativeTarget section */

/* Begin PBXProject section */
		F505E7DF1AAEADF900DAF80B /* Project object */ = {
			isa = PBXProject;
			attributes = {
				LastUpgradeCheck = 0610;
				ORGANIZATIONNAME = TeamAviato;
				TargetAttributes = {
					F505E7E61AAEADF900DAF80B = {
						CreatedOnToolsVersion = 6.1.1;
						DevelopmentTeam = BB27LSL797;
					};
					F505E7FF1AAEADF900DAF80B = {
						CreatedOnToolsVersion = 6.1.1;
						TestTargetID = F505E7E61AAEADF900DAF80B;
					};
				};
			};
			buildConfigurationList = F505E7E21AAEADF900DAF80B /* Build configuration list for PBXProject "Aviato" */;
			compatibilityVersion = "Xcode 3.2";
			developmentRegion = English;
			hasScannedForEncodings = 0;
			knownRegions = (
				en,
				Base,
			);
			mainGroup = F505E7DE1AAEADF900DAF80B;
			productRefGroup = F505E7E81AAEADF900DAF80B /* Products */;
			projectDirPath = "";
			projectRoot = "";
			targets = (
				F505E7E61AAEADF900DAF80B /* Aviato */,
				F505E7FF1AAEADF900DAF80B /* AviatoTests */,
			);
		};
/* End PBXProject section */

/* Begin PBXResourcesBuildPhase section */
		F505E7E51AAEADF900DAF80B /* Resources */ = {
			isa = PBXResourcesBuildPhase;
			buildActionMask = 2147483647;
			files = (
				F51BEE621AD379D800DCAD40 /* 123.jpg in Resources */,
				F59DEA641AC9F4B400938BEC /* redBG.jpg in Resources */,
				F505E7F61AAEADF900DAF80B /* Main.storyboard in Resources */,
				F51BEE601AD3790300DCAD40 /* test.jpg in Resources */,
				F51BEE641AD37BC900DCAD40 /* red.png in Resources */,
				F505E7FB1AAEADF900DAF80B /* LaunchScreen.xib in Resources */,
				F505E7F81AAEADF900DAF80B /* Images.xcassets in Resources */,
			);
			runOnlyForDeploymentPostprocessing = 0;
		};
		F505E7FE1AAEADF900DAF80B /* Resources */ = {
			isa = PBXResourcesBuildPhase;
			buildActionMask = 2147483647;
			files = (
			);
			runOnlyForDeploymentPostprocessing = 0;
		};
/* End PBXResourcesBuildPhase section */

/* Begin PBXSourcesBuildPhase section */
		F505E7E31AAEADF900DAF80B /* Sources */ = {
			isa = PBXSourcesBuildPhase;
			buildActionMask = 2147483647;
			files = (
				F5E198501AAFC7A30075788E /* AddPostViewController2.m in Sources */,
				F50FB4E81AB35CDF00C98297 /* Login.m in Sources */,
				F58C8EB71AD458C300270D06 /* AddCommentViewController.m in Sources */,
				F5A42EAE1AB27814008E71AF /* Topic.m in Sources */,
				F57FB98F1AB50CBE0055A170 /* Posts.m in Sources */,
				F57FB95E1AB4C3CE0055A170 /* User.m in Sources */,
				F505E7F01AAEADF900DAF80B /* AppDelegate.m in Sources */,
				F505E7ED1AAEADF900DAF80B /* main.m in Sources */,
				F5A2895B1AB0A51200D79A26 /* TopicViewController.m in Sources */,
				F5A289581AB07EFE00D79A26 /* CatViewController.m in Sources */,
				F56621491AD573DB00AE2D4C /* RegisterViewController.m in Sources */,
				F5E198281AAF96010075788E /* LoginViewController.m in Sources */,
				F5513B401AD2D7DC0019E463 /* AddReplyViewController.m in Sources */,
				F505E81E1AAF2CB200DAF80B /* Categories.m in Sources */,
				F57FB98C1AB4FF560055A170 /* RepoViewController.m in Sources */,
				F5D6DE441AE1A63E00F538CA /* PaymentViewController.m in Sources */,
			);
			runOnlyForDeploymentPostprocessing = 0;
		};
		F505E7FC1AAEADF900DAF80B /* Sources */ = {
			isa = PBXSourcesBuildPhase;
			buildActionMask = 2147483647;
			files = (
				F505E8071AAEADF900DAF80B /* AviatoTests.m in Sources */,
			);
			runOnlyForDeploymentPostprocessing = 0;
		};
/* End PBXSourcesBuildPhase section */

/* Begin PBXTargetDependency section */
		F505E8021AAEADF900DAF80B /* PBXTargetDependency */ = {
			isa = PBXTargetDependency;
			target = F505E7E61AAEADF900DAF80B /* Aviato */;
			targetProxy = F505E8011AAEADF900DAF80B /* PBXContainerItemProxy */;
		};
/* End PBXTargetDependency section */

/* Begin PBXVariantGroup section */
		F505E7F41AAEADF900DAF80B /* Main.storyboard */ = {
			isa = PBXVariantGroup;
			children = (
				F505E7F51AAEADF900DAF80B /* Base */,
			);
			name = Main.storyboard;
			sourceTree = "<group>";
		};
		F505E7F91AAEADF900DAF80B /* LaunchScreen.xib */ = {
			isa = PBXVariantGroup;
			children = (
				F505E7FA1AAEADF900DAF80B /* Base */,
			);
			name = LaunchScreen.xib;
			sourceTree = "<group>";
		};
/* End PBXVariantGroup section */

/* Begin XCBuildConfiguration section */
		F505E8081AAEADF900DAF80B /* Debug */ = {
			isa = XCBuildConfiguration;
			buildSettings = {
				ALWAYS_SEARCH_USER_PATHS = NO;
				CLANG_CXX_LANGUAGE_STANDARD = "gnu++0x";
				CLANG_CXX_LIBRARY = "libc++";
				CLANG_ENABLE_MODULES = YES;
				CLANG_ENABLE_OBJC_ARC = YES;
				CLANG_WARN_BOOL_CONVERSION = YES;
				CLANG_WARN_CONSTANT_CONVERSION = YES;
				CLANG_WARN_DIRECT_OBJC_ISA_USAGE = YES_ERROR;
				CLANG_WARN_EMPTY_BODY = YES;
				CLANG_WARN_ENUM_CONVERSION = YES;
				CLANG_WARN_INT_CONVERSION = YES;
				CLANG_WARN_OBJC_ROOT_CLASS = YES_ERROR;
				CLANG_WARN_UNREACHABLE_CODE = YES;
				CLANG_WARN__DUPLICATE_METHOD_MATCH = YES;
				"CODE_SIGN_IDENTITY[sdk=iphoneos*]" = "iPhone Developer";
				COPY_PHASE_STRIP = NO;
				ENABLE_STRICT_OBJC_MSGSEND = YES;
				GCC_C_LANGUAGE_STANDARD = gnu99;
				GCC_DYNAMIC_NO_PIC = NO;
				GCC_OPTIMIZATION_LEVEL = 0;
				GCC_PREPROCESSOR_DEFINITIONS = (
					"DEBUG=1",
					"$(inherited)",
				);
				GCC_SYMBOLS_PRIVATE_EXTERN = NO;
				GCC_WARN_64_TO_32_BIT_CONVERSION = YES;
				GCC_WARN_ABOUT_RETURN_TYPE = YES_ERROR;
				GCC_WARN_UNDECLARED_SELECTOR = YES;
				GCC_WARN_UNINITIALIZED_AUTOS = YES_AGGRESSIVE;
				GCC_WARN_UNUSED_FUNCTION = YES;
				GCC_WARN_UNUSED_VARIABLE = YES;
				IPHONEOS_DEPLOYMENT_TARGET = 8.1;
				MTL_ENABLE_DEBUG_INFO = YES;
				ONLY_ACTIVE_ARCH = YES;
				SDKROOT = iphoneos;
				TARGETED_DEVICE_FAMILY = "1,2";
			};
			name = Debug;
		};
		F505E8091AAEADF900DAF80B /* Release */ = {
			isa = XCBuildConfiguration;
			buildSettings = {
				ALWAYS_SEARCH_USER_PATHS = NO;
				CLANG_CXX_LANGUAGE_STANDARD = "gnu++0x";
				CLANG_CXX_LIBRARY = "libc++";
				CLANG_ENABLE_MODULES = YES;
				CLANG_ENABLE_OBJC_ARC = YES;
				CLANG_WARN_BOOL_CONVERSION = YES;
				CLANG_WARN_CONSTANT_CONVERSION = YES;
				CLANG_WARN_DIRECT_OBJC_ISA_USAGE = YES_ERROR;
				CLANG_WARN_EMPTY_BODY = YES;
				CLANG_WARN_ENUM_CONVERSION = YES;
				CLANG_WARN_INT_CONVERSION = YES;
				CLANG_WARN_OBJC_ROOT_CLASS = YES_ERROR;
				CLANG_WARN_UNREACHABLE_CODE = YES;
				CLANG_WARN__DUPLICATE_METHOD_MATCH = YES;
				"CODE_SIGN_IDENTITY[sdk=iphoneos*]" = "iPhone Developer";
				COPY_PHASE_STRIP = YES;
				ENABLE_NS_ASSERTIONS = NO;
				ENABLE_STRICT_OBJC_MSGSEND = YES;
				GCC_C_LANGUAGE_STANDARD = gnu99;
				GCC_WARN_64_TO_32_BIT_CONVERSION = YES;
				GCC_WARN_ABOUT_RETURN_TYPE = YES_ERROR;
				GCC_WARN_UNDECLARED_SELECTOR = YES;
				GCC_WARN_UNINITIALIZED_AUTOS = YES_AGGRESSIVE;
				GCC_WARN_UNUSED_FUNCTION = YES;
				GCC_WARN_UNUSED_VARIABLE = YES;
				IPHONEOS_DEPLOYMENT_TARGET = 8.1;
				MTL_ENABLE_DEBUG_INFO = NO;
				SDKROOT = iphoneos;
				TARGETED_DEVICE_FAMILY = "1,2";
				VALIDATE_PRODUCT = YES;
			};
			name = Release;
		};
		F505E80B1AAEADF900DAF80B /* Debug */ = {
			isa = XCBuildConfiguration;
			buildSettings = {
				ASSETCATALOG_COMPILER_APPICON_NAME = AppIcon;
				CODE_SIGN_IDENTITY = "iPhone Developer";
				"CODE_SIGN_IDENTITY[sdk=iphoneos*]" = "iPhone Developer";
				GCC_WARN_UNUSED_VARIABLE = NO;
				INFOPLIST_FILE = Aviato/Info.plist;
				LD_RUNPATH_SEARCH_PATHS = "$(inherited) @executable_path/Frameworks";
				PRODUCT_NAME = "$(TARGET_NAME)";
				PROVISIONING_PROFILE = "";
				TARGETED_DEVICE_FAMILY = 1;
			};
			name = Debug;
		};
		F505E80C1AAEADF900DAF80B /* Release */ = {
			isa = XCBuildConfiguration;
			buildSettings = {
				ASSETCATALOG_COMPILER_APPICON_NAME = AppIcon;
				CODE_SIGN_IDENTITY = "iPhone Developer";
				"CODE_SIGN_IDENTITY[sdk=iphoneos*]" = "iPhone Developer";
				GCC_WARN_UNUSED_VARIABLE = NO;
				INFOPLIST_FILE = Aviato/Info.plist;
				LD_RUNPATH_SEARCH_PATHS = "$(inherited) @executable_path/Frameworks";
				PRODUCT_NAME = "$(TARGET_NAME)";
				PROVISIONING_PROFILE = "";
				TARGETED_DEVICE_FAMILY = 1;
			};
			name = Release;
		};
		F505E80E1AAEADF900DAF80B /* Debug */ = {
			isa = XCBuildConfiguration;
			buildSettings = {
				BUNDLE_LOADER = "$(TEST_HOST)";
				FRAMEWORK_SEARCH_PATHS = (
					"$(SDKROOT)/Developer/Library/Frameworks",
					"$(inherited)",
				);
				GCC_PREPROCESSOR_DEFINITIONS = (
					"DEBUG=1",
					"$(inherited)",
				);
				INFOPLIST_FILE = AviatoTests/Info.plist;
				LD_RUNPATH_SEARCH_PATHS = "$(inherited) @executable_path/Frameworks @loader_path/Frameworks";
				PRODUCT_NAME = "$(TARGET_NAME)";
				TEST_HOST = "$(BUILT_PRODUCTS_DIR)/Aviato.app/Aviato";
			};
			name = Debug;
		};
		F505E80F1AAEADF900DAF80B /* Release */ = {
			isa = XCBuildConfiguration;
			buildSettings = {
				BUNDLE_LOADER = "$(TEST_HOST)";
				FRAMEWORK_SEARCH_PATHS = (
					"$(SDKROOT)/Developer/Library/Frameworks",
					"$(inherited)",
				);
				INFOPLIST_FILE = AviatoTests/Info.plist;
				LD_RUNPATH_SEARCH_PATHS = "$(inherited) @executable_path/Frameworks @loader_path/Frameworks";
				PRODUCT_NAME = "$(TARGET_NAME)";
				TEST_HOST = "$(BUILT_PRODUCTS_DIR)/Aviato.app/Aviato";
			};
			name = Release;
		};
/* End XCBuildConfiguration section */

/* Begin XCConfigurationList section */
		F505E7E21AAEADF900DAF80B /* Build configuration list for PBXProject "Aviato" */ = {
			isa = XCConfigurationList;
			buildConfigurations = (
				F505E8081AAEADF900DAF80B /* Debug */,
				F505E8091AAEADF900DAF80B /* Release */,
			);
			defaultConfigurationIsVisible = 0;
			defaultConfigurationName = Release;
		};
		F505E80A1AAEADF900DAF80B /* Build configuration list for PBXNativeTarget "Aviato" */ = {
			isa = XCConfigurationList;
			buildConfigurations = (
				F505E80B1AAEADF900DAF80B /* Debug */,
				F505E80C1AAEADF900DAF80B /* Release */,
			);
			defaultConfigurationIsVisible = 0;
			defaultConfigurationName = Release;
		};
		F505E80D1AAEADF900DAF80B /* Build configuration list for PBXNativeTarget "AviatoTests" */ = {
			isa = XCConfigurationList;
			buildConfigurations = (
				F505E80E1AAEADF900DAF80B /* Debug */,
				F505E80F1AAEADF900DAF80B /* Release */,
			);
			defaultConfigurationIsVisible = 0;
			defaultConfigurationName = Release;
		};
/* End XCConfigurationList section */
	};
	rootObject = F505E7DF1AAEADF900DAF80B /* Project object */;
}
