// !$*UTF8*$!
{
	archiveVersion = 1;
	classes = {
	};
	objectVersion = 46;
	objects = {

/* Begin PBXBuildFile section */
		F505E7ED1AAEADF900DAF80B /* main.m in Sources */ = {isa = PBXBuildFile; fileRef = F505E7EC1AAEADF900DAF80B /* main.m */; };
		F505E7F01AAEADF900DAF80B /* AppDelegate.m in Sources */ = {isa = PBXBuildFile; fileRef = F505E7EF1AAEADF900DAF80B /* AppDelegate.m */; };
		F505E7F61AAEADF900DAF80B /* Main.storyboard in Resources */ = {isa = PBXBuildFile; fileRef = F505E7F41AAEADF900DAF80B /* Main.storyboard */; };
		F505E7F81AAEADF900DAF80B /* Images.xcassets in Resources */ = {isa = PBXBuildFile; fileRef = F505E7F71AAEADF900DAF80B /* Images.xcassets */; };
		F505E7FB1AAEADF900DAF80B /* LaunchScreen.xib in Resources */ = {isa = PBXBuildFile; fileRef = F505E7F91AAEADF900DAF80B /* LaunchScreen.xib */; };
		F505E8071AAEADF900DAF80B /* AviatoTests.m in Sources */ = {isa = PBXBuildFile; fileRef = F505E8061AAEADF900DAF80B /* AviatoTests.m */; };
		F505E8151AAEAE4300DAF80B /* Posts.m in Sources */ = {isa = PBXBuildFile; fileRef = F505E8131AAEAE4300DAF80B /* Posts.m */; };
		F505E81B1AAEB08B00DAF80B /* RepoViewController.m in Sources */ = {isa = PBXBuildFile; fileRef = F505E81A1AAEB08B00DAF80B /* RepoViewController.m */; };
		F505E81E1AAF2CB200DAF80B /* Categories.m in Sources */ = {isa = PBXBuildFile; fileRef = F505E81D1AAF2CB200DAF80B /* Categories.m */; };
		F505E8231AAF336E00DAF80B /* MapKit.framework in Frameworks */ = {isa = PBXBuildFile; fileRef = F505E8221AAF336E00DAF80B /* MapKit.framework */; };
		F50FB4E81AB35CDF00C98297 /* Login.m in Sources */ = {isa = PBXBuildFile; fileRef = F50FB4E71AB35CDF00C98297 /* Login.m */; };
		F5A289581AB07EFE00D79A26 /* CatViewController.m in Sources */ = {isa = PBXBuildFile; fileRef = F5A289571AB07EFE00D79A26 /* CatViewController.m */; };
		F5A2895B1AB0A51200D79A26 /* TopicViewController.m in Sources */ = {isa = PBXBuildFile; fileRef = F5A2895A1AB0A51200D79A26 /* TopicViewController.m */; };
		F5A42EAC1AB27309008E71AF /* CoreLocation.framework in Frameworks */ = {isa = PBXBuildFile; fileRef = F5A42EAB1AB27309008E71AF /* CoreLocation.framework */; };
		F5A42EAE1AB27814008E71AF /* Topic.m in Sources */ = {isa = PBXBuildFile; fileRef = F5A42EAD1AB27814008E71AF /* Topic.m */; };
		F5E198281AAF96010075788E /* LoginViewController.m in Sources */ = {isa = PBXBuildFile; fileRef = F5E198271AAF96010075788E /* LoginViewController.m */; };
		F5E198421AAF98650075788E /* NSObject+SBJson.m in Sources */ = {isa = PBXBuildFile; fileRef = F5E198361AAF98650075788E /* NSObject+SBJson.m */; };
		F5E198431AAF98650075788E /* SBJsonParser.m in Sources */ = {isa = PBXBuildFile; fileRef = F5E198371AAF98650075788E /* SBJsonParser.m */; };
		F5E198441AAF98650075788E /* SBJsonStreamParser.m in Sources */ = {isa = PBXBuildFile; fileRef = F5E198381AAF98650075788E /* SBJsonStreamParser.m */; };
		F5E198451AAF98650075788E /* SBJsonStreamParserAccumulator.m in Sources */ = {isa = PBXBuildFile; fileRef = F5E198391AAF98650075788E /* SBJsonStreamParserAccumulator.m */; };
		F5E198461AAF98650075788E /* SBJsonStreamParserAdapter.m in Sources */ = {isa = PBXBuildFile; fileRef = F5E1983A1AAF98650075788E /* SBJsonStreamParserAdapter.m */; };
		F5E198471AAF98650075788E /* SBJsonStreamParserState.m in Sources */ = {isa = PBXBuildFile; fileRef = F5E1983B1AAF98650075788E /* SBJsonStreamParserState.m */; };
		F5E198481AAF98650075788E /* SBJsonStreamWriter.m in Sources */ = {isa = PBXBuildFile; fileRef = F5E1983C1AAF98650075788E /* SBJsonStreamWriter.m */; };
		F5E198491AAF98650075788E /* SBJsonStreamWriterAccumulator.m in Sources */ = {isa = PBXBuildFile; fileRef = F5E1983D1AAF98650075788E /* SBJsonStreamWriterAccumulator.m */; };
		F5E1984A1AAF98650075788E /* SBJsonStreamWriterState.m in Sources */ = {isa = PBXBuildFile; fileRef = F5E1983E1AAF98650075788E /* SBJsonStreamWriterState.m */; };
		F5E1984B1AAF98650075788E /* SBJsonTokeniser.m in Sources */ = {isa = PBXBuildFile; fileRef = F5E1983F1AAF98650075788E /* SBJsonTokeniser.m */; };
		F5E1984C1AAF98650075788E /* SBJsonUTF8Stream.m in Sources */ = {isa = PBXBuildFile; fileRef = F5E198401AAF98650075788E /* SBJsonUTF8Stream.m */; };
		F5E1984D1AAF98650075788E /* SBJsonWriter.m in Sources */ = {isa = PBXBuildFile; fileRef = F5E198411AAF98650075788E /* SBJsonWriter.m */; };
		F5E198501AAFC7A30075788E /* AddPostViewController2.m in Sources */ = {isa = PBXBuildFile; fileRef = F5E1984F1AAFC7A30075788E /* AddPostViewController2.m */; };
/* End PBXBuildFile section */

/* Begin PBXContainerItemProxy section */
		F505E8011AAEADF900DAF80B /* PBXContainerItemProxy */ = {
			isa = PBXContainerItemProxy;
			containerPortal = F505E7DF1AAEADF900DAF80B /* Project object */;
			proxyType = 1;
			remoteGlobalIDString = F505E7E61AAEADF900DAF80B;
			remoteInfo = Aviato;
		};
/* End PBXContainerItemProxy section */

/* Begin PBXFileReference section */
		F505E7E71AAEADF900DAF80B /* Aviato.app */ = {isa = PBXFileReference; explicitFileType = wrapper.application; includeInIndex = 0; path = Aviato.app; sourceTree = BUILT_PRODUCTS_DIR; };
		F505E7EB1AAEADF900DAF80B /* Info.plist */ = {isa = PBXFileReference; lastKnownFileType = text.plist.xml; path = Info.plist; sourceTree = "<group>"; };
		F505E7EC1AAEADF900DAF80B /* main.m */ = {isa = PBXFileReference; lastKnownFileType = sourcecode.c.objc; path = main.m; sourceTree = "<group>"; };
		F505E7EE1AAEADF900DAF80B /* AppDelegate.h */ = {isa = PBXFileReference; lastKnownFileType = sourcecode.c.h; path = AppDelegate.h; sourceTree = "<group>"; };
		F505E7EF1AAEADF900DAF80B /* AppDelegate.m */ = {isa = PBXFileReference; lastKnownFileType = sourcecode.c.objc; path = AppDelegate.m; sourceTree = "<group>"; };
		F505E7F51AAEADF900DAF80B /* Base */ = {isa = PBXFileReference; lastKnownFileType = file.storyboard; name = Base; path = Base.lproj/Main.storyboard; sourceTree = "<group>"; };
		F505E7F71AAEADF900DAF80B /* Images.xcassets */ = {isa = PBXFileReference; lastKnownFileType = folder.assetcatalog; path = Images.xcassets; sourceTree = "<group>"; };
		F505E7FA1AAEADF900DAF80B /* Base */ = {isa = PBXFileReference; lastKnownFileType = file.xib; name = Base; path = Base.lproj/LaunchScreen.xib; sourceTree = "<group>"; };
		F505E8001AAEADF900DAF80B /* AviatoTests.xctest */ = {isa = PBXFileReference; explicitFileType = wrapper.cfbundle; includeInIndex = 0; path = AviatoTests.xctest; sourceTree = BUILT_PRODUCTS_DIR; };
		F505E8051AAEADF900DAF80B /* Info.plist */ = {isa = PBXFileReference; lastKnownFileType = text.plist.xml; path = Info.plist; sourceTree = "<group>"; };
		F505E8061AAEADF900DAF80B /* AviatoTests.m */ = {isa = PBXFileReference; lastKnownFileType = sourcecode.c.objc; path = AviatoTests.m; sourceTree = "<group>"; };
		F505E8121AAEAE4300DAF80B /* Posts.h */ = {isa = PBXFileReference; fileEncoding = 4; lastKnownFileType = sourcecode.c.h; name = Posts.h; path = ../../TandemEnvoy/TandemEnvoy/Posts.h; sourceTree = "<group>"; };
		F505E8131AAEAE4300DAF80B /* Posts.m */ = {isa = PBXFileReference; fileEncoding = 4; lastKnownFileType = sourcecode.c.objc; name = Posts.m; path = ../../TandemEnvoy/TandemEnvoy/Posts.m; sourceTree = "<group>"; };
		F505E8191AAEB08B00DAF80B /* RepoViewController.h */ = {isa = PBXFileReference; fileEncoding = 4; lastKnownFileType = sourcecode.c.h; name = RepoViewController.h; path = ../../../../.Trash/RepoViewController.h; sourceTree = "<group>"; };
		F505E81A1AAEB08B00DAF80B /* RepoViewController.m */ = {isa = PBXFileReference; fileEncoding = 4; lastKnownFileType = sourcecode.c.objc; name = RepoViewController.m; path = ../../../../.Trash/RepoViewController.m; sourceTree = "<group>"; };
		F505E81C1AAF2CB200DAF80B /* Categories.h */ = {isa = PBXFileReference; fileEncoding = 4; lastKnownFileType = sourcecode.c.h; path = Categories.h; sourceTree = "<group>"; };
		F505E81D1AAF2CB200DAF80B /* Categories.m */ = {isa = PBXFileReference; fileEncoding = 4; lastKnownFileType = sourcecode.c.objc; path = Categories.m; sourceTree = "<group>"; };
		F505E8221AAF336E00DAF80B /* MapKit.framework */ = {isa = PBXFileReference; lastKnownFileType = wrapper.framework; name = MapKit.framework; path = System/Library/Frameworks/MapKit.framework; sourceTree = SDKROOT; };
		F50FB4E61AB35CA100C98297 /* Login.h */ = {isa = PBXFileReference; lastKnownFileType = sourcecode.c.h; path = Login.h; sourceTree = "<group>"; };
		F50FB4E71AB35CDF00C98297 /* Login.m */ = {isa = PBXFileReference; fileEncoding = 4; lastKnownFileType = sourcecode.c.objc; path = Login.m; sourceTree = "<group>"; };
		F5A289561AB07EFE00D79A26 /* CatViewController.h */ = {isa = PBXFileReference; fileEncoding = 4; lastKnownFileType = sourcecode.c.h; path = CatViewController.h; sourceTree = "<group>"; };
		F5A289571AB07EFE00D79A26 /* CatViewController.m */ = {isa = PBXFileReference; fileEncoding = 4; lastKnownFileType = sourcecode.c.objc; path = CatViewController.m; sourceTree = "<group>"; };
		F5A289591AB0A51200D79A26 /* TopicViewController.h */ = {isa = PBXFileReference; fileEncoding = 4; lastKnownFileType = sourcecode.c.h; path = TopicViewController.h; sourceTree = "<group>"; };
		F5A2895A1AB0A51200D79A26 /* TopicViewController.m */ = {isa = PBXFileReference; fileEncoding = 4; lastKnownFileType = sourcecode.c.objc; path = TopicViewController.m; sourceTree = "<group>"; };
		F5A42EAB1AB27309008E71AF /* CoreLocation.framework */ = {isa = PBXFileReference; lastKnownFileType = wrapper.framework; name = CoreLocation.framework; path = System/Library/Frameworks/CoreLocation.framework; sourceTree = SDKROOT; };
		F5A42EAD1AB27814008E71AF /* Topic.m */ = {isa = PBXFileReference; fileEncoding = 4; lastKnownFileType = sourcecode.c.objc; path = Topic.m; sourceTree = "<group>"; };
		F5A42EB01AB2786D008E71AF /* Topic.h */ = {isa = PBXFileReference; lastKnownFileType = sourcecode.c.h; path = Topic.h; sourceTree = "<group>"; };
		F5E198261AAF96010075788E /* LoginViewController.h */ = {isa = PBXFileReference; fileEncoding = 4; lastKnownFileType = sourcecode.c.h; path = LoginViewController.h; sourceTree = "<group>"; };
		F5E198271AAF96010075788E /* LoginViewController.m */ = {isa = PBXFileReference; fileEncoding = 4; lastKnownFileType = sourcecode.c.objc; path = LoginViewController.m; sourceTree = "<group>"; };
		F5E198291AAF98650075788E /* NSObject+SBJson.h */ = {isa = PBXFileReference; fileEncoding = 4; lastKnownFileType = sourcecode.c.h; name = "NSObject+SBJson.h"; path = "../../../../Downloads/SBJson_3.1.1/Classes/NSObject+SBJson.h"; sourceTree = "<group>"; };
		F5E1982A1AAF98650075788E /* SBJson.h */ = {isa = PBXFileReference; fileEncoding = 4; lastKnownFileType = sourcecode.c.h; name = SBJson.h; path = ../../../../Downloads/SBJson_3.1.1/Classes/SBJson.h; sourceTree = "<group>"; };
		F5E1982B1AAF98650075788E /* SBJsonParser.h */ = {isa = PBXFileReference; fileEncoding = 4; lastKnownFileType = sourcecode.c.h; name = SBJsonParser.h; path = ../../../../Downloads/SBJson_3.1.1/Classes/SBJsonParser.h; sourceTree = "<group>"; };
		F5E1982C1AAF98650075788E /* SBJsonStreamParser.h */ = {isa = PBXFileReference; fileEncoding = 4; lastKnownFileType = sourcecode.c.h; name = SBJsonStreamParser.h; path = ../../../../Downloads/SBJson_3.1.1/Classes/SBJsonStreamParser.h; sourceTree = "<group>"; };
		F5E1982D1AAF98650075788E /* SBJsonStreamParserAccumulator.h */ = {isa = PBXFileReference; fileEncoding = 4; lastKnownFileType = sourcecode.c.h; name = SBJsonStreamParserAccumulator.h; path = ../../../../Downloads/SBJson_3.1.1/Classes/SBJsonStreamParserAccumulator.h; sourceTree = "<group>"; };
		F5E1982E1AAF98650075788E /* SBJsonStreamParserAdapter.h */ = {isa = PBXFileReference; fileEncoding = 4; lastKnownFileType = sourcecode.c.h; name = SBJsonStreamParserAdapter.h; path = ../../../../Downloads/SBJson_3.1.1/Classes/SBJsonStreamParserAdapter.h; sourceTree = "<group>"; };
		F5E1982F1AAF98650075788E /* SBJsonStreamParserState.h */ = {isa = PBXFileReference; fileEncoding = 4; lastKnownFileType = sourcecode.c.h; name = SBJsonStreamParserState.h; path = ../../../../Downloads/SBJson_3.1.1/Classes/SBJsonStreamParserState.h; sourceTree = "<group>"; };
		F5E198301AAF98650075788E /* SBJsonStreamWriter.h */ = {isa = PBXFileReference; fileEncoding = 4; lastKnownFileType = sourcecode.c.h; name = SBJsonStreamWriter.h; path = ../../../../Downloads/SBJson_3.1.1/Classes/SBJsonStreamWriter.h; sourceTree = "<group>"; };
		F5E198311AAF98650075788E /* SBJsonStreamWriterAccumulator.h */ = {isa = PBXFileReference; fileEncoding = 4; lastKnownFileType = sourcecode.c.h; name = SBJsonStreamWriterAccumulator.h; path = ../../../../Downloads/SBJson_3.1.1/Classes/SBJsonStreamWriterAccumulator.h; sourceTree = "<group>"; };
		F5E198321AAF98650075788E /* SBJsonStreamWriterState.h */ = {isa = PBXFileReference; fileEncoding = 4; lastKnownFileType = sourcecode.c.h; name = SBJsonStreamWriterState.h; path = ../../../../Downloads/SBJson_3.1.1/Classes/SBJsonStreamWriterState.h; sourceTree = "<group>"; };
		F5E198331AAF98650075788E /* SBJsonTokeniser.h */ = {isa = PBXFileReference; fileEncoding = 4; lastKnownFileType = sourcecode.c.h; name = SBJsonTokeniser.h; path = ../../../../Downloads/SBJson_3.1.1/Classes/SBJsonTokeniser.h; sourceTree = "<group>"; };
		F5E198341AAF98650075788E /* SBJsonUTF8Stream.h */ = {isa = PBXFileReference; fileEncoding = 4; lastKnownFileType = sourcecode.c.h; name = SBJsonUTF8Stream.h; path = ../../../../Downloads/SBJson_3.1.1/Classes/SBJsonUTF8Stream.h; sourceTree = "<group>"; };
		F5E198351AAF98650075788E /* SBJsonWriter.h */ = {isa = PBXFileReference; fileEncoding = 4; lastKnownFileType = sourcecode.c.h; name = SBJsonWriter.h; path = ../../../../Downloads/SBJson_3.1.1/Classes/SBJsonWriter.h; sourceTree = "<group>"; };
		F5E198361AAF98650075788E /* NSObject+SBJson.m */ = {isa = PBXFileReference; fileEncoding = 4; lastKnownFileType = sourcecode.c.objc; name = "NSObject+SBJson.m"; path = "../../../../Downloads/SBJson_3.1.1/Classes/NSObject+SBJson.m"; sourceTree = "<group>"; };
		F5E198371AAF98650075788E /* SBJsonParser.m */ = {isa = PBXFileReference; fileEncoding = 4; lastKnownFileType = sourcecode.c.objc; name = SBJsonParser.m; path = ../../../../Downloads/SBJson_3.1.1/Classes/SBJsonParser.m; sourceTree = "<group>"; };
		F5E198381AAF98650075788E /* SBJsonStreamParser.m */ = {isa = PBXFileReference; fileEncoding = 4; lastKnownFileType = sourcecode.c.objc; name = SBJsonStreamParser.m; path = ../../../../Downloads/SBJson_3.1.1/Classes/SBJsonStreamParser.m; sourceTree = "<group>"; };
		F5E198391AAF98650075788E /* SBJsonStreamParserAccumulator.m */ = {isa = PBXFileReference; fileEncoding = 4; lastKnownFileType = sourcecode.c.objc; name = SBJsonStreamParserAccumulator.m; path = ../../../../Downloads/SBJson_3.1.1/Classes/SBJsonStreamParserAccumulator.m; sourceTree = "<group>"; };
		F5E1983A1AAF98650075788E /* SBJsonStreamParserAdapter.m */ = {isa = PBXFileReference; fileEncoding = 4; lastKnownFileType = sourcecode.c.objc; name = SBJsonStreamParserAdapter.m; path = ../../../../Downloads/SBJson_3.1.1/Classes/SBJsonStreamParserAdapter.m; sourceTree = "<group>"; };
		F5E1983B1AAF98650075788E /* SBJsonStreamParserState.m */ = {isa = PBXFileReference; fileEncoding = 4; lastKnownFileType = sourcecode.c.objc; name = SBJsonStreamParserState.m; path = ../../../../Downloads/SBJson_3.1.1/Classes/SBJsonStreamParserState.m; sourceTree = "<group>"; };
		F5E1983C1AAF98650075788E /* SBJsonStreamWriter.m */ = {isa = PBXFileReference; fileEncoding = 4; lastKnownFileType = sourcecode.c.objc; name = SBJsonStreamWriter.m; path = ../../../../Downloads/SBJson_3.1.1/Classes/SBJsonStreamWriter.m; sourceTree = "<group>"; };
		F5E1983D1AAF98650075788E /* SBJsonStreamWriterAccumulator.m */ = {isa = PBXFileReference; fileEncoding = 4; lastKnownFileType = sourcecode.c.objc; name = SBJsonStreamWriterAccumulator.m; path = ../../../../Downloads/SBJson_3.1.1/Classes/SBJsonStreamWriterAccumulator.m; sourceTree = "<group>"; };
		F5E1983E1AAF98650075788E /* SBJsonStreamWriterState.m */ = {isa = PBXFileReference; fileEncoding = 4; lastKnownFileType = sourcecode.c.objc; name = SBJsonStreamWriterState.m; path = ../../../../Downloads/SBJson_3.1.1/Classes/SBJsonStreamWriterState.m; sourceTree = "<group>"; };
		F5E1983F1AAF98650075788E /* SBJsonTokeniser.m */ = {isa = PBXFileReference; fileEncoding = 4; lastKnownFileType = sourcecode.c.objc; name = SBJsonTokeniser.m; path = ../../../../Downloads/SBJson_3.1.1/Classes/SBJsonTokeniser.m; sourceTree = "<group>"; };
		F5E198401AAF98650075788E /* SBJsonUTF8Stream.m */ = {isa = PBXFileReference; fileEncoding = 4; lastKnownFileType = sourcecode.c.objc; name = SBJsonUTF8Stream.m; path = ../../../../Downloads/SBJson_3.1.1/Classes/SBJsonUTF8Stream.m; sourceTree = "<group>"; };
		F5E198411AAF98650075788E /* SBJsonWriter.m */ = {isa = PBXFileReference; fileEncoding = 4; lastKnownFileType = sourcecode.c.objc; name = SBJsonWriter.m; path = ../../../../Downloads/SBJson_3.1.1/Classes/SBJsonWriter.m; sourceTree = "<group>"; };
		F5E1984E1AAFC7A30075788E /* AddPostViewController2.h */ = {isa = PBXFileReference; fileEncoding = 4; lastKnownFileType = sourcecode.c.h; path = AddPostViewController2.h; sourceTree = "<group>"; };
		F5E1984F1AAFC7A30075788E /* AddPostViewController2.m */ = {isa = PBXFileReference; fileEncoding = 4; lastKnownFileType = sourcecode.c.objc; path = AddPostViewController2.m; sourceTree = "<group>"; };
/* End PBXFileReference section */

/* Begin PBXFrameworksBuildPhase section */
		F505E7E41AAEADF900DAF80B /* Frameworks */ = {
			isa = PBXFrameworksBuildPhase;
			buildActionMask = 2147483647;
			files = (
				F5A42EAC1AB27309008E71AF /* CoreLocation.framework in Frameworks */,
				F505E8231AAF336E00DAF80B /* MapKit.framework in Frameworks */,
			);
			runOnlyForDeploymentPostprocessing = 0;
		};
		F505E7FD1AAEADF900DAF80B /* Frameworks */ = {
			isa = PBXFrameworksBuildPhase;
			buildActionMask = 2147483647;
			files = (
			);
			runOnlyForDeploymentPostprocessing = 0;
		};
/* End PBXFrameworksBuildPhase section */

/* Begin PBXGroup section */
		F505E7DE1AAEADF900DAF80B = {
			isa = PBXGroup;
			children = (
				F5A42EAB1AB27309008E71AF /* CoreLocation.framework */,
				F505E8221AAF336E00DAF80B /* MapKit.framework */,
				F505E7E91AAEADF900DAF80B /* Aviato */,
				F505E8031AAEADF900DAF80B /* AviatoTests */,
				F505E7E81AAEADF900DAF80B /* Products */,
			);
			sourceTree = "<group>";
		};
		F505E7E81AAEADF900DAF80B /* Products */ = {
			isa = PBXGroup;
			children = (
				F505E7E71AAEADF900DAF80B /* Aviato.app */,
				F505E8001AAEADF900DAF80B /* AviatoTests.xctest */,
			);
			name = Products;
			sourceTree = "<group>";
		};
		F505E7E91AAEADF900DAF80B /* Aviato */ = {
			isa = PBXGroup;
			children = (
				F5E198261AAF96010075788E /* LoginViewController.h */,
				F5E198271AAF96010075788E /* LoginViewController.m */,
				F50FB4E61AB35CA100C98297 /* Login.h */,
				F50FB4E71AB35CDF00C98297 /* Login.m */,
				F5A289561AB07EFE00D79A26 /* CatViewController.h */,
				F5A289571AB07EFE00D79A26 /* CatViewController.m */,
				F505E81C1AAF2CB200DAF80B /* Categories.h */,
				F505E81D1AAF2CB200DAF80B /* Categories.m */,
				F5E1984E1AAFC7A30075788E /* AddPostViewController2.h */,
				F5E1984F1AAFC7A30075788E /* AddPostViewController2.m */,
				F505E8191AAEB08B00DAF80B /* RepoViewController.h */,
				F505E81A1AAEB08B00DAF80B /* RepoViewController.m */,
				F5A42EB01AB2786D008E71AF /* Topic.h */,
				F5A42EAD1AB27814008E71AF /* Topic.m */,
				F5A289591AB0A51200D79A26 /* TopicViewController.h */,
				F5A2895A1AB0A51200D79A26 /* TopicViewController.m */,
				F505E8121AAEAE4300DAF80B /* Posts.h */,
				F505E8131AAEAE4300DAF80B /* Posts.m */,
				F505E7EE1AAEADF900DAF80B /* AppDelegate.h */,
				F505E7EF1AAEADF900DAF80B /* AppDelegate.m */,
				F505E7F41AAEADF900DAF80B /* Main.storyboard */,
				F505E7F71AAEADF900DAF80B /* Images.xcassets */,
				F505E7F91AAEADF900DAF80B /* LaunchScreen.xib */,
				F505E7EA1AAEADF900DAF80B /* Supporting Files */,
				F5A289551AB07EBE00D79A26 /* JSON */,
			);
			path = Aviato;
			sourceTree = "<group>";
		};
		F505E7EA1AAEADF900DAF80B /* Supporting Files */ = {
			isa = PBXGroup;
			children = (
				F505E7EB1AAEADF900DAF80B /* Info.plist */,
				F505E7EC1AAEADF900DAF80B /* main.m */,
			);
			name = "Supporting Files";
			sourceTree = "<group>";
		};
		F505E8031AAEADF900DAF80B /* AviatoTests */ = {
			isa = PBXGroup;
			children = (
				F505E8061AAEADF900DAF80B /* AviatoTests.m */,
				F505E8041AAEADF900DAF80B /* Supporting Files */,
			);
			path = AviatoTests;
			sourceTree = "<group>";
		};
		F505E8041AAEADF900DAF80B /* Supporting Files */ = {
			isa = PBXGroup;
			children = (
				F505E8051AAEADF900DAF80B /* Info.plist */,
			);
			name = "Supporting Files";
			sourceTree = "<group>";
		};
		F5A289551AB07EBE00D79A26 /* JSON */ = {
			isa = PBXGroup;
			children = (
				F5E198291AAF98650075788E /* NSObject+SBJson.h */,
				F5E1982A1AAF98650075788E /* SBJson.h */,
				F5E1982B1AAF98650075788E /* SBJsonParser.h */,
				F5E1982C1AAF98650075788E /* SBJsonStreamParser.h */,
				F5E1982D1AAF98650075788E /* SBJsonStreamParserAccumulator.h */,
				F5E1982E1AAF98650075788E /* SBJsonStreamParserAdapter.h */,
				F5E1982F1AAF98650075788E /* SBJsonStreamParserState.h */,
				F5E198301AAF98650075788E /* SBJsonStreamWriter.h */,
				F5E198311AAF98650075788E /* SBJsonStreamWriterAccumulator.h */,
				F5E198321AAF98650075788E /* SBJsonStreamWriterState.h */,
				F5E198331AAF98650075788E /* SBJsonTokeniser.h */,
				F5E198341AAF98650075788E /* SBJsonUTF8Stream.h */,
				F5E198351AAF98650075788E /* SBJsonWriter.h */,
				F5E198361AAF98650075788E /* NSObject+SBJson.m */,
				F5E198371AAF98650075788E /* SBJsonParser.m */,
				F5E198381AAF98650075788E /* SBJsonStreamParser.m */,
				F5E198391AAF98650075788E /* SBJsonStreamParserAccumulator.m */,
				F5E1983A1AAF98650075788E /* SBJsonStreamParserAdapter.m */,
				F5E1983B1AAF98650075788E /* SBJsonStreamParserState.m */,
				F5E1983C1AAF98650075788E /* SBJsonStreamWriter.m */,
				F5E1983D1AAF98650075788E /* SBJsonStreamWriterAccumulator.m */,
				F5E1983E1AAF98650075788E /* SBJsonStreamWriterState.m */,
				F5E1983F1AAF98650075788E /* SBJsonTokeniser.m */,
				F5E198401AAF98650075788E /* SBJsonUTF8Stream.m */,
				F5E198411AAF98650075788E /* SBJsonWriter.m */,
			);
			name = JSON;
			sourceTree = "<group>";
		};
/* End PBXGroup section */

/* Begin PBXNativeTarget section */
		F505E7E61AAEADF900DAF80B /* Aviato */ = {
			isa = PBXNativeTarget;
			buildConfigurationList = F505E80A1AAEADF900DAF80B /* Build configuration list for PBXNativeTarget "Aviato" */;
			buildPhases = (
				F505E7E31AAEADF900DAF80B /* Sources */,
				F505E7E41AAEADF900DAF80B /* Frameworks */,
				F505E7E51AAEADF900DAF80B /* Resources */,
			);
			buildRules = (
			);
			dependencies = (
			);
			name = Aviato;
			productName = Aviato;
			productReference = F505E7E71AAEADF900DAF80B /* Aviato.app */;
			productType = "com.apple.product-type.application";
		};
		F505E7FF1AAEADF900DAF80B /* AviatoTests */ = {
			isa = PBXNativeTarget;
			buildConfigurationList = F505E80D1AAEADF900DAF80B /* Build configuration list for PBXNativeTarget "AviatoTests" */;
			buildPhases = (
				F505E7FC1AAEADF900DAF80B /* Sources */,
				F505E7FD1AAEADF900DAF80B /* Frameworks */,
				F505E7FE1AAEADF900DAF80B /* Resources */,
			);
			buildRules = (
			);
			dependencies = (
				F505E8021AAEADF900DAF80B /* PBXTargetDependency */,
			);
			name = AviatoTests;
			productName = AviatoTests;
			productReference = F505E8001AAEADF900DAF80B /* AviatoTests.xctest */;
			productType = "com.apple.product-type.bundle.unit-test";
		};
/* End PBXNativeTarget section */

/* Begin PBXProject section */
		F505E7DF1AAEADF900DAF80B /* Project object */ = {
			isa = PBXProject;
			attributes = {
				LastUpgradeCheck = 0610;
				ORGANIZATIONNAME = TeamAviato;
				TargetAttributes = {
					F505E7E61AAEADF900DAF80B = {
						CreatedOnToolsVersion = 6.1.1;
					};
					F505E7FF1AAEADF900DAF80B = {
						CreatedOnToolsVersion = 6.1.1;
						TestTargetID = F505E7E61AAEADF900DAF80B;
					};
				};
			};
			buildConfigurationList = F505E7E21AAEADF900DAF80B /* Build configuration list for PBXProject "Aviato" */;
			compatibilityVersion = "Xcode 3.2";
			developmentRegion = English;
			hasScannedForEncodings = 0;
			knownRegions = (
				en,
				Base,
			);
			mainGroup = F505E7DE1AAEADF900DAF80B;
			productRefGroup = F505E7E81AAEADF900DAF80B /* Products */;
			projectDirPath = "";
			projectRoot = "";
			targets = (
				F505E7E61AAEADF900DAF80B /* Aviato */,
				F505E7FF1AAEADF900DAF80B /* AviatoTests */,
			);
		};
/* End PBXProject section */

/* Begin PBXResourcesBuildPhase section */
		F505E7E51AAEADF900DAF80B /* Resources */ = {
			isa = PBXResourcesBuildPhase;
			buildActionMask = 2147483647;
			files = (
				F505E7F61AAEADF900DAF80B /* Main.storyboard in Resources */,
				F505E7FB1AAEADF900DAF80B /* LaunchScreen.xib in Resources */,
				F505E7F81AAEADF900DAF80B /* Images.xcassets in Resources */,
			);
			runOnlyForDeploymentPostprocessing = 0;
		};
		F505E7FE1AAEADF900DAF80B /* Resources */ = {
			isa = PBXResourcesBuildPhase;
			buildActionMask = 2147483647;
			files = (
			);
			runOnlyForDeploymentPostprocessing = 0;
		};
/* End PBXResourcesBuildPhase section */

/* Begin PBXSourcesBuildPhase section */
		F505E7E31AAEADF900DAF80B /* Sources */ = {
			isa = PBXSourcesBuildPhase;
			buildActionMask = 2147483647;
			files = (
				F5E198491AAF98650075788E /* SBJsonStreamWriterAccumulator.m in Sources */,
				F5E198461AAF98650075788E /* SBJsonStreamParserAdapter.m in Sources */,
				F5E198501AAFC7A30075788E /* AddPostViewController2.m in Sources */,
				F5E1984C1AAF98650075788E /* SBJsonUTF8Stream.m in Sources */,
				F505E81B1AAEB08B00DAF80B /* RepoViewController.m in Sources */,
				F50FB4E81AB35CDF00C98297 /* Login.m in Sources */,
				F5E198471AAF98650075788E /* SBJsonStreamParserState.m in Sources */,
				F5A42EAE1AB27814008E71AF /* Topic.m in Sources */,
				F505E7F01AAEADF900DAF80B /* AppDelegate.m in Sources */,
				F5E1984D1AAF98650075788E /* SBJsonWriter.m in Sources */,
				F5E198441AAF98650075788E /* SBJsonStreamParser.m in Sources */,
				F505E7ED1AAEADF900DAF80B /* main.m in Sources */,
				F5E198481AAF98650075788E /* SBJsonStreamWriter.m in Sources */,
				F5E1984A1AAF98650075788E /* SBJsonStreamWriterState.m in Sources */,
				F5A2895B1AB0A51200D79A26 /* TopicViewController.m in Sources */,
				F5E198431AAF98650075788E /* SBJsonParser.m in Sources */,
				F5A289581AB07EFE00D79A26 /* CatViewController.m in Sources */,
				F5E1984B1AAF98650075788E /* SBJsonTokeniser.m in Sources */,
				F5E198281AAF96010075788E /* LoginViewController.m in Sources */,
				F505E81E1AAF2CB200DAF80B /* Categories.m in Sources */,
				F5E198451AAF98650075788E /* SBJsonStreamParserAccumulator.m in Sources */,
				F5E198421AAF98650075788E /* NSObject+SBJson.m in Sources */,
				F505E8151AAEAE4300DAF80B /* Posts.m in Sources */,
			);
			runOnlyForDeploymentPostprocessing = 0;
		};
		F505E7FC1AAEADF900DAF80B /* Sources */ = {
			isa = PBXSourcesBuildPhase;
			buildActionMask = 2147483647;
			files = (
				F505E8071AAEADF900DAF80B /* AviatoTests.m in Sources */,
			);
			runOnlyForDeploymentPostprocessing = 0;
		};
/* End PBXSourcesBuildPhase section */

/* Begin PBXTargetDependency section */
		F505E8021AAEADF900DAF80B /* PBXTargetDependency */ = {
			isa = PBXTargetDependency;
			target = F505E7E61AAEADF900DAF80B /* Aviato */;
			targetProxy = F505E8011AAEADF900DAF80B /* PBXContainerItemProxy */;
		};
/* End PBXTargetDependency section */

/* Begin PBXVariantGroup section */
		F505E7F41AAEADF900DAF80B /* Main.storyboard */ = {
			isa = PBXVariantGroup;
			children = (
				F505E7F51AAEADF900DAF80B /* Base */,
			);
			name = Main.storyboard;
			sourceTree = "<group>";
		};
		F505E7F91AAEADF900DAF80B /* LaunchScreen.xib */ = {
			isa = PBXVariantGroup;
			children = (
				F505E7FA1AAEADF900DAF80B /* Base */,
			);
			name = LaunchScreen.xib;
			sourceTree = "<group>";
		};
/* End PBXVariantGroup section */

/* Begin XCBuildConfiguration section */
		F505E8081AAEADF900DAF80B /* Debug */ = {
			isa = XCBuildConfiguration;
			buildSettings = {
				ALWAYS_SEARCH_USER_PATHS = NO;
				CLANG_CXX_LANGUAGE_STANDARD = "gnu++0x";
				CLANG_CXX_LIBRARY = "libc++";
				CLANG_ENABLE_MODULES = YES;
				CLANG_ENABLE_OBJC_ARC = YES;
				CLANG_WARN_BOOL_CONVERSION = YES;
				CLANG_WARN_CONSTANT_CONVERSION = YES;
				CLANG_WARN_DIRECT_OBJC_ISA_USAGE = YES_ERROR;
				CLANG_WARN_EMPTY_BODY = YES;
				CLANG_WARN_ENUM_CONVERSION = YES;
				CLANG_WARN_INT_CONVERSION = YES;
				CLANG_WARN_OBJC_ROOT_CLASS = YES_ERROR;
				CLANG_WARN_UNREACHABLE_CODE = YES;
				CLANG_WARN__DUPLICATE_METHOD_MATCH = YES;
				"CODE_SIGN_IDENTITY[sdk=iphoneos*]" = "iPhone Developer";
				COPY_PHASE_STRIP = NO;
				ENABLE_STRICT_OBJC_MSGSEND = YES;
				GCC_C_LANGUAGE_STANDARD = gnu99;
				GCC_DYNAMIC_NO_PIC = NO;
				GCC_OPTIMIZATION_LEVEL = 0;
				GCC_PREPROCESSOR_DEFINITIONS = (
					"DEBUG=1",
					"$(inherited)",
				);
				GCC_SYMBOLS_PRIVATE_EXTERN = NO;
				GCC_WARN_64_TO_32_BIT_CONVERSION = YES;
				GCC_WARN_ABOUT_RETURN_TYPE = YES_ERROR;
				GCC_WARN_UNDECLARED_SELECTOR = YES;
				GCC_WARN_UNINITIALIZED_AUTOS = YES_AGGRESSIVE;
				GCC_WARN_UNUSED_FUNCTION = YES;
				GCC_WARN_UNUSED_VARIABLE = YES;
				IPHONEOS_DEPLOYMENT_TARGET = 8.1;
				MTL_ENABLE_DEBUG_INFO = YES;
				ONLY_ACTIVE_ARCH = YES;
				SDKROOT = iphoneos;
				TARGETED_DEVICE_FAMILY = "1,2";
			};
			name = Debug;
		};
		F505E8091AAEADF900DAF80B /* Release */ = {
			isa = XCBuildConfiguration;
			buildSettings = {
				ALWAYS_SEARCH_USER_PATHS = NO;
				CLANG_CXX_LANGUAGE_STANDARD = "gnu++0x";
				CLANG_CXX_LIBRARY = "libc++";
				CLANG_ENABLE_MODULES = YES;
				CLANG_ENABLE_OBJC_ARC = YES;
				CLANG_WARN_BOOL_CONVERSION = YES;
				CLANG_WARN_CONSTANT_CONVERSION = YES;
				CLANG_WARN_DIRECT_OBJC_ISA_USAGE = YES_ERROR;
				CLANG_WARN_EMPTY_BODY = YES;
				CLANG_WARN_ENUM_CONVERSION = YES;
				CLANG_WARN_INT_CONVERSION = YES;
				CLANG_WARN_OBJC_ROOT_CLASS = YES_ERROR;
				CLANG_WARN_UNREACHABLE_CODE = YES;
				CLANG_WARN__DUPLICATE_METHOD_MATCH = YES;
				"CODE_SIGN_IDENTITY[sdk=iphoneos*]" = "iPhone Developer";
				COPY_PHASE_STRIP = YES;
				ENABLE_NS_ASSERTIONS = NO;
				ENABLE_STRICT_OBJC_MSGSEND = YES;
				GCC_C_LANGUAGE_STANDARD = gnu99;
				GCC_WARN_64_TO_32_BIT_CONVERSION = YES;
				GCC_WARN_ABOUT_RETURN_TYPE = YES_ERROR;
				GCC_WARN_UNDECLARED_SELECTOR = YES;
				GCC_WARN_UNINITIALIZED_AUTOS = YES_AGGRESSIVE;
				GCC_WARN_UNUSED_FUNCTION = YES;
				GCC_WARN_UNUSED_VARIABLE = YES;
				IPHONEOS_DEPLOYMENT_TARGET = 8.1;
				MTL_ENABLE_DEBUG_INFO = NO;
				SDKROOT = iphoneos;
				TARGETED_DEVICE_FAMILY = "1,2";
				VALIDATE_PRODUCT = YES;
			};
			name = Release;
		};
		F505E80B1AAEADF900DAF80B /* Debug */ = {
			isa = XCBuildConfiguration;
			buildSettings = {
				ASSETCATALOG_COMPILER_APPICON_NAME = AppIcon;
				GCC_WARN_UNUSED_VARIABLE = NO;
				INFOPLIST_FILE = Aviato/Info.plist;
				LD_RUNPATH_SEARCH_PATHS = "$(inherited) @executable_path/Frameworks";
				PRODUCT_NAME = "$(TARGET_NAME)";
			};
			name = Debug;
		};
		F505E80C1AAEADF900DAF80B /* Release */ = {
			isa = XCBuildConfiguration;
			buildSettings = {
				ASSETCATALOG_COMPILER_APPICON_NAME = AppIcon;
				GCC_WARN_UNUSED_VARIABLE = NO;
				INFOPLIST_FILE = Aviato/Info.plist;
				LD_RUNPATH_SEARCH_PATHS = "$(inherited) @executable_path/Frameworks";
				PRODUCT_NAME = "$(TARGET_NAME)";
			};
			name = Release;
		};
		F505E80E1AAEADF900DAF80B /* Debug */ = {
			isa = XCBuildConfiguration;
			buildSettings = {
				BUNDLE_LOADER = "$(TEST_HOST)";
				FRAMEWORK_SEARCH_PATHS = (
					"$(SDKROOT)/Developer/Library/Frameworks",
					"$(inherited)",
				);
				GCC_PREPROCESSOR_DEFINITIONS = (
					"DEBUG=1",
					"$(inherited)",
				);
				INFOPLIST_FILE = AviatoTests/Info.plist;
				LD_RUNPATH_SEARCH_PATHS = "$(inherited) @executable_path/Frameworks @loader_path/Frameworks";
				PRODUCT_NAME = "$(TARGET_NAME)";
				TEST_HOST = "$(BUILT_PRODUCTS_DIR)/Aviato.app/Aviato";
			};
			name = Debug;
		};
		F505E80F1AAEADF900DAF80B /* Release */ = {
			isa = XCBuildConfiguration;
			buildSettings = {
				BUNDLE_LOADER = "$(TEST_HOST)";
				FRAMEWORK_SEARCH_PATHS = (
					"$(SDKROOT)/Developer/Library/Frameworks",
					"$(inherited)",
				);
				INFOPLIST_FILE = AviatoTests/Info.plist;
				LD_RUNPATH_SEARCH_PATHS = "$(inherited) @executable_path/Frameworks @loader_path/Frameworks";
				PRODUCT_NAME = "$(TARGET_NAME)";
				TEST_HOST = "$(BUILT_PRODUCTS_DIR)/Aviato.app/Aviato";
			};
			name = Release;
		};
/* End XCBuildConfiguration section */

/* Begin XCConfigurationList section */
		F505E7E21AAEADF900DAF80B /* Build configuration list for PBXProject "Aviato" */ = {
			isa = XCConfigurationList;
			buildConfigurations = (
				F505E8081AAEADF900DAF80B /* Debug */,
				F505E8091AAEADF900DAF80B /* Release */,
			);
			defaultConfigurationIsVisible = 0;
			defaultConfigurationName = Release;
		};
		F505E80A1AAEADF900DAF80B /* Build configuration list for PBXNativeTarget "Aviato" */ = {
			isa = XCConfigurationList;
			buildConfigurations = (
				F505E80B1AAEADF900DAF80B /* Debug */,
				F505E80C1AAEADF900DAF80B /* Release */,
			);
			defaultConfigurationIsVisible = 0;
			defaultConfigurationName = Release;
		};
		F505E80D1AAEADF900DAF80B /* Build configuration list for PBXNativeTarget "AviatoTests" */ = {
			isa = XCConfigurationList;
			buildConfigurations = (
				F505E80E1AAEADF900DAF80B /* Debug */,
				F505E80F1AAEADF900DAF80B /* Release */,
			);
			defaultConfigurationIsVisible = 0;
			defaultConfigurationName = Release;
		};
/* End XCConfigurationList section */
	};
	rootObject = F505E7DF1AAEADF900DAF80B /* Project object */;
}
